// !$*UTF8*$!
{
	archiveVersion = 1;
	classes = {
	};
	objectVersion = 50;
	objects = {

/* Begin PBXBuildFile section */
		720580F3250335CC00ED54E1 /* AppDelegate.swift in Sources */ = {isa = PBXBuildFile; fileRef = 720580F2250335CC00ED54E1 /* AppDelegate.swift */; };
		720580F5250335CC00ED54E1 /* SceneDelegate.swift in Sources */ = {isa = PBXBuildFile; fileRef = 720580F4250335CC00ED54E1 /* SceneDelegate.swift */; };
		720580F7250335CC00ED54E1 /* ContentView.swift in Sources */ = {isa = PBXBuildFile; fileRef = 720580F6250335CC00ED54E1 /* ContentView.swift */; };
		720580F9250335CD00ED54E1 /* Assets.xcassets in Resources */ = {isa = PBXBuildFile; fileRef = 720580F8250335CD00ED54E1 /* Assets.xcassets */; };
		720580FC250335CD00ED54E1 /* Preview Assets.xcassets in Resources */ = {isa = PBXBuildFile; fileRef = 720580FB250335CD00ED54E1 /* Preview Assets.xcassets */; };
		720580FF250335CD00ED54E1 /* LaunchScreen.storyboard in Resources */ = {isa = PBXBuildFile; fileRef = 720580FD250335CD00ED54E1 /* LaunchScreen.storyboard */; };
		7205810A250335CD00ED54E1 /* iosclub_appTests.swift in Sources */ = {isa = PBXBuildFile; fileRef = 72058109250335CD00ED54E1 /* iosclub_appTests.swift */; };
		72058115250335CD00ED54E1 /* iosclub_appUITests.swift in Sources */ = {isa = PBXBuildFile; fileRef = 72058114250335CD00ED54E1 /* iosclub_appUITests.swift */; };
		725C0C8B2503983B0010DBD1 /* test.swift in Sources */ = {isa = PBXBuildFile; fileRef = 725C0C8A2503983B0010DBD1 /* test.swift */; };
		7297341B2504827B00897BFB /* tableView.swift in Sources */ = {isa = PBXBuildFile; fileRef = 7297341A2504827B00897BFB /* tableView.swift */; };
		729F5CEE2504B18F00C4A8BC /* MineView.swift in Sources */ = {isa = PBXBuildFile; fileRef = 729F5CED2504B18F00C4A8BC /* MineView.swift */; };
		729F5CF22504B23D00C4A8BC /* ClassView.swift in Sources */ = {isa = PBXBuildFile; fileRef = 729F5CF12504B23D00C4A8BC /* ClassView.swift */; };
		72A9FF532504A2E40016E388 /* Extensions.swift in Sources */ = {isa = PBXBuildFile; fileRef = 72A9FF522504A2E40016E388 /* Extensions.swift */; };
		72CFEF39250338780089F92E /* loginView.swift in Sources */ = {isa = PBXBuildFile; fileRef = 72CFEF38250338780089F92E /* loginView.swift */; };
		72CFEF3B250345D20089F92E /* login.swift in Sources */ = {isa = PBXBuildFile; fileRef = 72CFEF3A250345D20089F92E /* login.swift */; };
		E129A96E2505DBF600C8641F /* borderView.swift in Sources */ = {isa = PBXBuildFile; fileRef = E129A96D2505DBF600C8641F /* borderView.swift */; };
		E174F3142504AE3C00D8CDC2 /* TimeLineBranchView.swift in Sources */ = {isa = PBXBuildFile; fileRef = E174F3132504AE3C00D8CDC2 /* TimeLineBranchView.swift */; };
		E174F3162504AE6D00D8CDC2 /* ActivityLineView.swift in Sources */ = {isa = PBXBuildFile; fileRef = E174F3152504AE6D00D8CDC2 /* ActivityLineView.swift */; };
		E174F3182504AEE100D8CDC2 /* TimeLineView.swift in Sources */ = {isa = PBXBuildFile; fileRef = E174F3172504AEE100D8CDC2 /* TimeLineView.swift */; };
/* End PBXBuildFile section */

/* Begin PBXContainerItemProxy section */
		72058106250335CD00ED54E1 /* PBXContainerItemProxy */ = {
			isa = PBXContainerItemProxy;
			containerPortal = 720580E7250335CC00ED54E1 /* Project object */;
			proxyType = 1;
			remoteGlobalIDString = 720580EE250335CC00ED54E1;
			remoteInfo = iosclub_app;
		};
		72058111250335CD00ED54E1 /* PBXContainerItemProxy */ = {
			isa = PBXContainerItemProxy;
			containerPortal = 720580E7250335CC00ED54E1 /* Project object */;
			proxyType = 1;
			remoteGlobalIDString = 720580EE250335CC00ED54E1;
			remoteInfo = iosclub_app;
		};
/* End PBXContainerItemProxy section */

/* Begin PBXFileReference section */
		720580EF250335CC00ED54E1 /* iosclub_app.app */ = {isa = PBXFileReference; explicitFileType = wrapper.application; includeInIndex = 0; path = iosclub_app.app; sourceTree = BUILT_PRODUCTS_DIR; };
		720580F2250335CC00ED54E1 /* AppDelegate.swift */ = {isa = PBXFileReference; lastKnownFileType = sourcecode.swift; path = AppDelegate.swift; sourceTree = "<group>"; };
		720580F4250335CC00ED54E1 /* SceneDelegate.swift */ = {isa = PBXFileReference; lastKnownFileType = sourcecode.swift; path = SceneDelegate.swift; sourceTree = "<group>"; };
		720580F6250335CC00ED54E1 /* ContentView.swift */ = {isa = PBXFileReference; lastKnownFileType = sourcecode.swift; path = ContentView.swift; sourceTree = "<group>"; };
		720580F8250335CD00ED54E1 /* Assets.xcassets */ = {isa = PBXFileReference; lastKnownFileType = folder.assetcatalog; path = Assets.xcassets; sourceTree = "<group>"; };
		720580FB250335CD00ED54E1 /* Preview Assets.xcassets */ = {isa = PBXFileReference; lastKnownFileType = folder.assetcatalog; path = "Preview Assets.xcassets"; sourceTree = "<group>"; };
		720580FE250335CD00ED54E1 /* Base */ = {isa = PBXFileReference; lastKnownFileType = file.storyboard; name = Base; path = Base.lproj/LaunchScreen.storyboard; sourceTree = "<group>"; };
		72058100250335CD00ED54E1 /* Info.plist */ = {isa = PBXFileReference; lastKnownFileType = text.plist.xml; path = Info.plist; sourceTree = "<group>"; };
		72058105250335CD00ED54E1 /* iosclub_appTests.xctest */ = {isa = PBXFileReference; explicitFileType = wrapper.cfbundle; includeInIndex = 0; path = iosclub_appTests.xctest; sourceTree = BUILT_PRODUCTS_DIR; };
		72058109250335CD00ED54E1 /* iosclub_appTests.swift */ = {isa = PBXFileReference; lastKnownFileType = sourcecode.swift; path = iosclub_appTests.swift; sourceTree = "<group>"; };
		7205810B250335CD00ED54E1 /* Info.plist */ = {isa = PBXFileReference; lastKnownFileType = text.plist.xml; path = Info.plist; sourceTree = "<group>"; };
		72058110250335CD00ED54E1 /* iosclub_appUITests.xctest */ = {isa = PBXFileReference; explicitFileType = wrapper.cfbundle; includeInIndex = 0; path = iosclub_appUITests.xctest; sourceTree = BUILT_PRODUCTS_DIR; };
		72058114250335CD00ED54E1 /* iosclub_appUITests.swift */ = {isa = PBXFileReference; lastKnownFileType = sourcecode.swift; path = iosclub_appUITests.swift; sourceTree = "<group>"; };
		72058116250335CD00ED54E1 /* Info.plist */ = {isa = PBXFileReference; lastKnownFileType = text.plist.xml; path = Info.plist; sourceTree = "<group>"; };
		725C0C8A2503983B0010DBD1 /* test.swift */ = {isa = PBXFileReference; lastKnownFileType = sourcecode.swift; path = test.swift; sourceTree = "<group>"; };
		7297341A2504827B00897BFB /* tableView.swift */ = {isa = PBXFileReference; lastKnownFileType = sourcecode.swift; path = tableView.swift; sourceTree = "<group>"; };
		729F5CED2504B18F00C4A8BC /* MineView.swift */ = {isa = PBXFileReference; lastKnownFileType = sourcecode.swift; path = MineView.swift; sourceTree = "<group>"; };
		729F5CF12504B23D00C4A8BC /* ClassView.swift */ = {isa = PBXFileReference; lastKnownFileType = sourcecode.swift; path = ClassView.swift; sourceTree = "<group>"; };
		72A9FF522504A2E40016E388 /* Extensions.swift */ = {isa = PBXFileReference; lastKnownFileType = sourcecode.swift; path = Extensions.swift; sourceTree = "<group>"; };
		72CFEF38250338780089F92E /* loginView.swift */ = {isa = PBXFileReference; lastKnownFileType = sourcecode.swift; path = loginView.swift; sourceTree = "<group>"; };
		72CFEF3A250345D20089F92E /* login.swift */ = {isa = PBXFileReference; lastKnownFileType = sourcecode.swift; path = login.swift; sourceTree = "<group>"; };
		E129A96D2505DBF600C8641F /* borderView.swift */ = {isa = PBXFileReference; lastKnownFileType = sourcecode.swift; path = borderView.swift; sourceTree = "<group>"; };
		E174F3132504AE3C00D8CDC2 /* TimeLineBranchView.swift */ = {isa = PBXFileReference; lastKnownFileType = sourcecode.swift; path = TimeLineBranchView.swift; sourceTree = "<group>"; };
		E174F3152504AE6D00D8CDC2 /* ActivityLineView.swift */ = {isa = PBXFileReference; lastKnownFileType = sourcecode.swift; path = ActivityLineView.swift; sourceTree = "<group>"; };
		E174F3172504AEE100D8CDC2 /* TimeLineView.swift */ = {isa = PBXFileReference; lastKnownFileType = sourcecode.swift; path = TimeLineView.swift; sourceTree = "<group>"; };
/* End PBXFileReference section */

/* Begin PBXFrameworksBuildPhase section */
		720580EC250335CC00ED54E1 /* Frameworks */ = {
			isa = PBXFrameworksBuildPhase;
			buildActionMask = 2147483647;
			files = (
			);
			runOnlyForDeploymentPostprocessing = 0;
		};
		72058102250335CD00ED54E1 /* Frameworks */ = {
			isa = PBXFrameworksBuildPhase;
			buildActionMask = 2147483647;
			files = (
			);
			runOnlyForDeploymentPostprocessing = 0;
		};
		7205810D250335CD00ED54E1 /* Frameworks */ = {
			isa = PBXFrameworksBuildPhase;
			buildActionMask = 2147483647;
			files = (
			);
			runOnlyForDeploymentPostprocessing = 0;
		};
/* End PBXFrameworksBuildPhase section */

/* Begin PBXGroup section */
		720580E6250335CC00ED54E1 = {
			isa = PBXGroup;
			children = (
				720580F1250335CC00ED54E1 /* iosclub_app */,
				72058108250335CD00ED54E1 /* iosclub_appTests */,
				72058113250335CD00ED54E1 /* iosclub_appUITests */,
				720580F0250335CC00ED54E1 /* Products */,
			);
			sourceTree = "<group>";
		};
		720580F0250335CC00ED54E1 /* Products */ = {
			isa = PBXGroup;
			children = (
				720580EF250335CC00ED54E1 /* iosclub_app.app */,
				72058105250335CD00ED54E1 /* iosclub_appTests.xctest */,
				72058110250335CD00ED54E1 /* iosclub_appUITests.xctest */,
			);
			name = Products;
			sourceTree = "<group>";
		};
		720580F1250335CC00ED54E1 /* iosclub_app */ = {
			isa = PBXGroup;
			children = (
				720580F6250335CC00ED54E1 /* ContentView.swift */,
				7297341A2504827B00897BFB /* tableView.swift */,
				729F5CED2504B18F00C4A8BC /* MineView.swift */,
				E129A96D2505DBF600C8641F /* borderView.swift */,
				729F5CF12504B23D00C4A8BC /* ClassView.swift */,
				72CFEF3A250345D20089F92E /* login.swift */,
				72CFEF38250338780089F92E /* loginView.swift */,
				72A9FF522504A2E40016E388 /* Extensions.swift */,
				725C0C8A2503983B0010DBD1 /* test.swift */,
				720580FA250335CD00ED54E1 /* Preview Content */,
				720580FD250335CD00ED54E1 /* LaunchScreen.storyboard */,
				720580F8250335CD00ED54E1 /* Assets.xcassets */,
				720580F2250335CC00ED54E1 /* AppDelegate.swift */,
				72058100250335CD00ED54E1 /* Info.plist */,
				E174F3132504AE3C00D8CDC2 /* TimeLineBranchView.swift */,
				E174F3152504AE6D00D8CDC2 /* ActivityLineView.swift */,
				720580F4250335CC00ED54E1 /* SceneDelegate.swift */,
				E174F3172504AEE100D8CDC2 /* TimeLineView.swift */,
			);
			path = iosclub_app;
			sourceTree = "<group>";
		};
		720580FA250335CD00ED54E1 /* Preview Content */ = {
			isa = PBXGroup;
			children = (
				720580FB250335CD00ED54E1 /* Preview Assets.xcassets */,
			);
			path = "Preview Content";
			sourceTree = "<group>";
		};
		72058108250335CD00ED54E1 /* iosclub_appTests */ = {
			isa = PBXGroup;
			children = (
				72058109250335CD00ED54E1 /* iosclub_appTests.swift */,
				7205810B250335CD00ED54E1 /* Info.plist */,
			);
			path = iosclub_appTests;
			sourceTree = "<group>";
		};
		72058113250335CD00ED54E1 /* iosclub_appUITests */ = {
			isa = PBXGroup;
			children = (
				72058114250335CD00ED54E1 /* iosclub_appUITests.swift */,
				72058116250335CD00ED54E1 /* Info.plist */,
			);
			path = iosclub_appUITests;
			sourceTree = "<group>";
		};
/* End PBXGroup section */

/* Begin PBXNativeTarget section */
		720580EE250335CC00ED54E1 /* iosclub_app */ = {
			isa = PBXNativeTarget;
			buildConfigurationList = 72058119250335CD00ED54E1 /* Build configuration list for PBXNativeTarget "iosclub_app" */;
			buildPhases = (
				720580EB250335CC00ED54E1 /* Sources */,
				720580EC250335CC00ED54E1 /* Frameworks */,
				720580ED250335CC00ED54E1 /* Resources */,
			);
			buildRules = (
			);
			dependencies = (
			);
			name = iosclub_app;
			productName = iosclub_app;
			productReference = 720580EF250335CC00ED54E1 /* iosclub_app.app */;
			productType = "com.apple.product-type.application";
		};
		72058104250335CD00ED54E1 /* iosclub_appTests */ = {
			isa = PBXNativeTarget;
			buildConfigurationList = 7205811C250335CD00ED54E1 /* Build configuration list for PBXNativeTarget "iosclub_appTests" */;
			buildPhases = (
				72058101250335CD00ED54E1 /* Sources */,
				72058102250335CD00ED54E1 /* Frameworks */,
				72058103250335CD00ED54E1 /* Resources */,
			);
			buildRules = (
			);
			dependencies = (
				72058107250335CD00ED54E1 /* PBXTargetDependency */,
			);
			name = iosclub_appTests;
			productName = iosclub_appTests;
			productReference = 72058105250335CD00ED54E1 /* iosclub_appTests.xctest */;
			productType = "com.apple.product-type.bundle.unit-test";
		};
		7205810F250335CD00ED54E1 /* iosclub_appUITests */ = {
			isa = PBXNativeTarget;
			buildConfigurationList = 7205811F250335CD00ED54E1 /* Build configuration list for PBXNativeTarget "iosclub_appUITests" */;
			buildPhases = (
				7205810C250335CD00ED54E1 /* Sources */,
				7205810D250335CD00ED54E1 /* Frameworks */,
				7205810E250335CD00ED54E1 /* Resources */,
			);
			buildRules = (
			);
			dependencies = (
				72058112250335CD00ED54E1 /* PBXTargetDependency */,
			);
			name = iosclub_appUITests;
			productName = iosclub_appUITests;
			productReference = 72058110250335CD00ED54E1 /* iosclub_appUITests.xctest */;
			productType = "com.apple.product-type.bundle.ui-testing";
		};
/* End PBXNativeTarget section */

/* Begin PBXProject section */
		720580E7250335CC00ED54E1 /* Project object */ = {
			isa = PBXProject;
			attributes = {
				LastSwiftUpdateCheck = 1170;
				LastUpgradeCheck = 1170;
				ORGANIZATIONNAME = "魯敬元";
				TargetAttributes = {
					720580EE250335CC00ED54E1 = {
						CreatedOnToolsVersion = 11.7;
					};
					72058104250335CD00ED54E1 = {
						CreatedOnToolsVersion = 11.7;
						TestTargetID = 720580EE250335CC00ED54E1;
					};
					7205810F250335CD00ED54E1 = {
						CreatedOnToolsVersion = 11.7;
						TestTargetID = 720580EE250335CC00ED54E1;
					};
				};
			};
			buildConfigurationList = 720580EA250335CC00ED54E1 /* Build configuration list for PBXProject "iosclub_app" */;
			compatibilityVersion = "Xcode 9.3";
			developmentRegion = en;
			hasScannedForEncodings = 0;
			knownRegions = (
				en,
				Base,
			);
			mainGroup = 720580E6250335CC00ED54E1;
			productRefGroup = 720580F0250335CC00ED54E1 /* Products */;
			projectDirPath = "";
			projectRoot = "";
			targets = (
				720580EE250335CC00ED54E1 /* iosclub_app */,
				72058104250335CD00ED54E1 /* iosclub_appTests */,
				7205810F250335CD00ED54E1 /* iosclub_appUITests */,
			);
		};
/* End PBXProject section */

/* Begin PBXResourcesBuildPhase section */
		720580ED250335CC00ED54E1 /* Resources */ = {
			isa = PBXResourcesBuildPhase;
			buildActionMask = 2147483647;
			files = (
				720580FF250335CD00ED54E1 /* LaunchScreen.storyboard in Resources */,
				720580FC250335CD00ED54E1 /* Preview Assets.xcassets in Resources */,
				720580F9250335CD00ED54E1 /* Assets.xcassets in Resources */,
			);
			runOnlyForDeploymentPostprocessing = 0;
		};
		72058103250335CD00ED54E1 /* Resources */ = {
			isa = PBXResourcesBuildPhase;
			buildActionMask = 2147483647;
			files = (
			);
			runOnlyForDeploymentPostprocessing = 0;
		};
		7205810E250335CD00ED54E1 /* Resources */ = {
			isa = PBXResourcesBuildPhase;
			buildActionMask = 2147483647;
			files = (
			);
			runOnlyForDeploymentPostprocessing = 0;
		};
/* End PBXResourcesBuildPhase section */

/* Begin PBXSourcesBuildPhase section */
		720580EB250335CC00ED54E1 /* Sources */ = {
			isa = PBXSourcesBuildPhase;
			buildActionMask = 2147483647;
			files = (
				E174F3182504AEE100D8CDC2 /* TimeLineView.swift in Sources */,
				E174F3142504AE3C00D8CDC2 /* TimeLineBranchView.swift in Sources */,
				720580F3250335CC00ED54E1 /* AppDelegate.swift in Sources */,
				729F5CF22504B23D00C4A8BC /* ClassView.swift in Sources */,
				725C0C8B2503983B0010DBD1 /* test.swift in Sources */,
				72CFEF3B250345D20089F92E /* login.swift in Sources */,
				72A9FF532504A2E40016E388 /* Extensions.swift in Sources */,
				E174F3162504AE6D00D8CDC2 /* ActivityLineView.swift in Sources */,
				E129A96E2505DBF600C8641F /* borderView.swift in Sources */,
				720580F5250335CC00ED54E1 /* SceneDelegate.swift in Sources */,
				7297341B2504827B00897BFB /* tableView.swift in Sources */,
				72CFEF39250338780089F92E /* loginView.swift in Sources */,
				720580F7250335CC00ED54E1 /* ContentView.swift in Sources */,
				729F5CEE2504B18F00C4A8BC /* MineView.swift in Sources */,
			);
			runOnlyForDeploymentPostprocessing = 0;
		};
		72058101250335CD00ED54E1 /* Sources */ = {
			isa = PBXSourcesBuildPhase;
			buildActionMask = 2147483647;
			files = (
				7205810A250335CD00ED54E1 /* iosclub_appTests.swift in Sources */,
			);
			runOnlyForDeploymentPostprocessing = 0;
		};
		7205810C250335CD00ED54E1 /* Sources */ = {
			isa = PBXSourcesBuildPhase;
			buildActionMask = 2147483647;
			files = (
				72058115250335CD00ED54E1 /* iosclub_appUITests.swift in Sources */,
			);
			runOnlyForDeploymentPostprocessing = 0;
		};
/* End PBXSourcesBuildPhase section */

/* Begin PBXTargetDependency section */
		72058107250335CD00ED54E1 /* PBXTargetDependency */ = {
			isa = PBXTargetDependency;
			target = 720580EE250335CC00ED54E1 /* iosclub_app */;
			targetProxy = 72058106250335CD00ED54E1 /* PBXContainerItemProxy */;
		};
		72058112250335CD00ED54E1 /* PBXTargetDependency */ = {
			isa = PBXTargetDependency;
			target = 720580EE250335CC00ED54E1 /* iosclub_app */;
			targetProxy = 72058111250335CD00ED54E1 /* PBXContainerItemProxy */;
		};
/* End PBXTargetDependency section */

/* Begin PBXVariantGroup section */
		720580FD250335CD00ED54E1 /* LaunchScreen.storyboard */ = {
			isa = PBXVariantGroup;
			children = (
				720580FE250335CD00ED54E1 /* Base */,
			);
			name = LaunchScreen.storyboard;
			sourceTree = "<group>";
		};
/* End PBXVariantGroup section */

/* Begin XCBuildConfiguration section */
		72058117250335CD00ED54E1 /* Debug */ = {
			isa = XCBuildConfiguration;
			buildSettings = {
				ALWAYS_SEARCH_USER_PATHS = NO;
				CLANG_ANALYZER_NONNULL = YES;
				CLANG_ANALYZER_NUMBER_OBJECT_CONVERSION = YES_AGGRESSIVE;
				CLANG_CXX_LANGUAGE_STANDARD = "gnu++14";
				CLANG_CXX_LIBRARY = "libc++";
				CLANG_ENABLE_MODULES = YES;
				CLANG_ENABLE_OBJC_ARC = YES;
				CLANG_ENABLE_OBJC_WEAK = YES;
				CLANG_WARN_BLOCK_CAPTURE_AUTORELEASING = YES;
				CLANG_WARN_BOOL_CONVERSION = YES;
				CLANG_WARN_COMMA = YES;
				CLANG_WARN_CONSTANT_CONVERSION = YES;
				CLANG_WARN_DEPRECATED_OBJC_IMPLEMENTATIONS = YES;
				CLANG_WARN_DIRECT_OBJC_ISA_USAGE = YES_ERROR;
				CLANG_WARN_DOCUMENTATION_COMMENTS = YES;
				CLANG_WARN_EMPTY_BODY = YES;
				CLANG_WARN_ENUM_CONVERSION = YES;
				CLANG_WARN_INFINITE_RECURSION = YES;
				CLANG_WARN_INT_CONVERSION = YES;
				CLANG_WARN_NON_LITERAL_NULL_CONVERSION = YES;
				CLANG_WARN_OBJC_IMPLICIT_RETAIN_SELF = YES;
				CLANG_WARN_OBJC_LITERAL_CONVERSION = YES;
				CLANG_WARN_OBJC_ROOT_CLASS = YES_ERROR;
				CLANG_WARN_RANGE_LOOP_ANALYSIS = YES;
				CLANG_WARN_STRICT_PROTOTYPES = YES;
				CLANG_WARN_SUSPICIOUS_MOVE = YES;
				CLANG_WARN_UNGUARDED_AVAILABILITY = YES_AGGRESSIVE;
				CLANG_WARN_UNREACHABLE_CODE = YES;
				CLANG_WARN__DUPLICATE_METHOD_MATCH = YES;
				COPY_PHASE_STRIP = NO;
				DEBUG_INFORMATION_FORMAT = dwarf;
				ENABLE_STRICT_OBJC_MSGSEND = YES;
				ENABLE_TESTABILITY = YES;
				GCC_C_LANGUAGE_STANDARD = gnu11;
				GCC_DYNAMIC_NO_PIC = NO;
				GCC_NO_COMMON_BLOCKS = YES;
				GCC_OPTIMIZATION_LEVEL = 0;
				GCC_PREPROCESSOR_DEFINITIONS = (
					"DEBUG=1",
					"$(inherited)",
				);
				GCC_WARN_64_TO_32_BIT_CONVERSION = YES;
				GCC_WARN_ABOUT_RETURN_TYPE = YES_ERROR;
				GCC_WARN_UNDECLARED_SELECTOR = YES;
				GCC_WARN_UNINITIALIZED_AUTOS = YES_AGGRESSIVE;
				GCC_WARN_UNUSED_FUNCTION = YES;
				GCC_WARN_UNUSED_VARIABLE = YES;
				IPHONEOS_DEPLOYMENT_TARGET = 13.7;
				MTL_ENABLE_DEBUG_INFO = INCLUDE_SOURCE;
				MTL_FAST_MATH = YES;
				ONLY_ACTIVE_ARCH = YES;
				SDKROOT = iphoneos;
				SWIFT_ACTIVE_COMPILATION_CONDITIONS = DEBUG;
				SWIFT_OPTIMIZATION_LEVEL = "-Onone";
			};
			name = Debug;
		};
		72058118250335CD00ED54E1 /* Release */ = {
			isa = XCBuildConfiguration;
			buildSettings = {
				ALWAYS_SEARCH_USER_PATHS = NO;
				CLANG_ANALYZER_NONNULL = YES;
				CLANG_ANALYZER_NUMBER_OBJECT_CONVERSION = YES_AGGRESSIVE;
				CLANG_CXX_LANGUAGE_STANDARD = "gnu++14";
				CLANG_CXX_LIBRARY = "libc++";
				CLANG_ENABLE_MODULES = YES;
				CLANG_ENABLE_OBJC_ARC = YES;
				CLANG_ENABLE_OBJC_WEAK = YES;
				CLANG_WARN_BLOCK_CAPTURE_AUTORELEASING = YES;
				CLANG_WARN_BOOL_CONVERSION = YES;
				CLANG_WARN_COMMA = YES;
				CLANG_WARN_CONSTANT_CONVERSION = YES;
				CLANG_WARN_DEPRECATED_OBJC_IMPLEMENTATIONS = YES;
				CLANG_WARN_DIRECT_OBJC_ISA_USAGE = YES_ERROR;
				CLANG_WARN_DOCUMENTATION_COMMENTS = YES;
				CLANG_WARN_EMPTY_BODY = YES;
				CLANG_WARN_ENUM_CONVERSION = YES;
				CLANG_WARN_INFINITE_RECURSION = YES;
				CLANG_WARN_INT_CONVERSION = YES;
				CLANG_WARN_NON_LITERAL_NULL_CONVERSION = YES;
				CLANG_WARN_OBJC_IMPLICIT_RETAIN_SELF = YES;
				CLANG_WARN_OBJC_LITERAL_CONVERSION = YES;
				CLANG_WARN_OBJC_ROOT_CLASS = YES_ERROR;
				CLANG_WARN_RANGE_LOOP_ANALYSIS = YES;
				CLANG_WARN_STRICT_PROTOTYPES = YES;
				CLANG_WARN_SUSPICIOUS_MOVE = YES;
				CLANG_WARN_UNGUARDED_AVAILABILITY = YES_AGGRESSIVE;
				CLANG_WARN_UNREACHABLE_CODE = YES;
				CLANG_WARN__DUPLICATE_METHOD_MATCH = YES;
				COPY_PHASE_STRIP = NO;
				DEBUG_INFORMATION_FORMAT = "dwarf-with-dsym";
				ENABLE_NS_ASSERTIONS = NO;
				ENABLE_STRICT_OBJC_MSGSEND = YES;
				GCC_C_LANGUAGE_STANDARD = gnu11;
				GCC_NO_COMMON_BLOCKS = YES;
				GCC_WARN_64_TO_32_BIT_CONVERSION = YES;
				GCC_WARN_ABOUT_RETURN_TYPE = YES_ERROR;
				GCC_WARN_UNDECLARED_SELECTOR = YES;
				GCC_WARN_UNINITIALIZED_AUTOS = YES_AGGRESSIVE;
				GCC_WARN_UNUSED_FUNCTION = YES;
				GCC_WARN_UNUSED_VARIABLE = YES;
				IPHONEOS_DEPLOYMENT_TARGET = 13.7;
				MTL_ENABLE_DEBUG_INFO = NO;
				MTL_FAST_MATH = YES;
				SDKROOT = iphoneos;
				SWIFT_COMPILATION_MODE = wholemodule;
				SWIFT_OPTIMIZATION_LEVEL = "-O";
				VALIDATE_PRODUCT = YES;
			};
			name = Release;
		};
		7205811A250335CD00ED54E1 /* Debug */ = {
			isa = XCBuildConfiguration;
			buildSettings = {
				ASSETCATALOG_COMPILER_APPICON_NAME = AppIcon;
				CODE_SIGN_STYLE = Automatic;
				DEVELOPMENT_ASSET_PATHS = "\"iosclub_app/Preview Content\"";
				ENABLE_PREVIEWS = YES;
				INFOPLIST_FILE = iosclub_app/Info.plist;
				LD_RUNPATH_SEARCH_PATHS = (
					"$(inherited)",
					"@executable_path/Frameworks",
				);
				PRODUCT_BUNDLE_IDENTIFIER = "app.iosclub-app";
				PRODUCT_NAME = "$(TARGET_NAME)";
				SWIFT_VERSION = 5.0;
				TARGETED_DEVICE_FAMILY = "1,2";
			};
			name = Debug;
		};
		7205811B250335CD00ED54E1 /* Release */ = {
			isa = XCBuildConfiguration;
			buildSettings = {
				ASSETCATALOG_COMPILER_APPICON_NAME = AppIcon;
				CODE_SIGN_STYLE = Automatic;
				DEVELOPMENT_ASSET_PATHS = "\"iosclub_app/Preview Content\"";
				ENABLE_PREVIEWS = YES;
				INFOPLIST_FILE = iosclub_app/Info.plist;
				LD_RUNPATH_SEARCH_PATHS = (
					"$(inherited)",
					"@executable_path/Frameworks",
				);
				PRODUCT_BUNDLE_IDENTIFIER = "app.iosclub-app";
				PRODUCT_NAME = "$(TARGET_NAME)";
				SWIFT_VERSION = 5.0;
				TARGETED_DEVICE_FAMILY = "1,2";
			};
			name = Release;
		};
		7205811D250335CD00ED54E1 /* Debug */ = {
			isa = XCBuildConfiguration;
			buildSettings = {
				ALWAYS_EMBED_SWIFT_STANDARD_LIBRARIES = YES;
				BUNDLE_LOADER = "$(TEST_HOST)";
				CODE_SIGN_STYLE = Automatic;
				INFOPLIST_FILE = iosclub_appTests/Info.plist;
				IPHONEOS_DEPLOYMENT_TARGET = 13.7;
				LD_RUNPATH_SEARCH_PATHS = (
					"$(inherited)",
					"@executable_path/Frameworks",
					"@loader_path/Frameworks",
				);
				PRODUCT_BUNDLE_IDENTIFIER = "app.iosclub-appTests";
				PRODUCT_NAME = "$(TARGET_NAME)";
				SWIFT_VERSION = 5.0;
				TARGETED_DEVICE_FAMILY = "1,2";
				TEST_HOST = "$(BUILT_PRODUCTS_DIR)/iosclub_app.app/iosclub_app";
			};
			name = Debug;
		};
		7205811E250335CD00ED54E1 /* Release */ = {
			isa = XCBuildConfiguration;
			buildSettings = {
				ALWAYS_EMBED_SWIFT_STANDARD_LIBRARIES = YES;
				BUNDLE_LOADER = "$(TEST_HOST)";
				CODE_SIGN_STYLE = Automatic;
				INFOPLIST_FILE = iosclub_appTests/Info.plist;
				IPHONEOS_DEPLOYMENT_TARGET = 13.7;
				LD_RUNPATH_SEARCH_PATHS = (
					"$(inherited)",
					"@executable_path/Frameworks",
					"@loader_path/Frameworks",
				);
				PRODUCT_BUNDLE_IDENTIFIER = "app.iosclub-appTests";
				PRODUCT_NAME = "$(TARGET_NAME)";
				SWIFT_VERSION = 5.0;
				TARGETED_DEVICE_FAMILY = "1,2";
				TEST_HOST = "$(BUILT_PRODUCTS_DIR)/iosclub_app.app/iosclub_app";
			};
			name = Release;
		};
		72058120250335CD00ED54E1 /* Debug */ = {
			isa = XCBuildConfiguration;
			buildSettings = {
				ALWAYS_EMBED_SWIFT_STANDARD_LIBRARIES = YES;
				CODE_SIGN_STYLE = Automatic;
				INFOPLIST_FILE = iosclub_appUITests/Info.plist;
				LD_RUNPATH_SEARCH_PATHS = (
					"$(inherited)",
					"@executable_path/Frameworks",
					"@loader_path/Frameworks",
				);
				PRODUCT_BUNDLE_IDENTIFIER = "app.iosclub-appUITests";
				PRODUCT_NAME = "$(TARGET_NAME)";
				SWIFT_VERSION = 5.0;
				TARGETED_DEVICE_FAMILY = "1,2";
				TEST_TARGET_NAME = iosclub_app;
			};
			name = Debug;
		};
		72058121250335CD00ED54E1 /* Release */ = {
			isa = XCBuildConfiguration;
			buildSettings = {
				ALWAYS_EMBED_SWIFT_STANDARD_LIBRARIES = YES;
				CODE_SIGN_STYLE = Automatic;
				INFOPLIST_FILE = iosclub_appUITests/Info.plist;
				LD_RUNPATH_SEARCH_PATHS = (
					"$(inherited)",
					"@executable_path/Frameworks",
					"@loader_path/Frameworks",
				);
				PRODUCT_BUNDLE_IDENTIFIER = "app.iosclub-appUITests";
				PRODUCT_NAME = "$(TARGET_NAME)";
				SWIFT_VERSION = 5.0;
				TARGETED_DEVICE_FAMILY = "1,2";
				TEST_TARGET_NAME = iosclub_app;
			};
			name = Release;
		};
/* End XCBuildConfiguration section */

/* Begin XCConfigurationList section */
		720580EA250335CC00ED54E1 /* Build configuration list for PBXProject "iosclub_app" */ = {
			isa = XCConfigurationList;
			buildConfigurations = (
				72058117250335CD00ED54E1 /* Debug */,
				72058118250335CD00ED54E1 /* Release */,
			);
			defaultConfigurationIsVisible = 0;
			defaultConfigurationName = Release;
		};
		72058119250335CD00ED54E1 /* Build configuration list for PBXNativeTarget "iosclub_app" */ = {
			isa = XCConfigurationList;
			buildConfigurations = (
				7205811A250335CD00ED54E1 /* Debug */,
				7205811B250335CD00ED54E1 /* Release */,
			);
			defaultConfigurationIsVisible = 0;
			defaultConfigurationName = Release;
		};
		7205811C250335CD00ED54E1 /* Build configuration list for PBXNativeTarget "iosclub_appTests" */ = {
			isa = XCConfigurationList;
			buildConfigurations = (
				7205811D250335CD00ED54E1 /* Debug */,
				7205811E250335CD00ED54E1 /* Release */,
			);
			defaultConfigurationIsVisible = 0;
			defaultConfigurationName = Release;
		};
		7205811F250335CD00ED54E1 /* Build configuration list for PBXNativeTarget "iosclub_appUITests" */ = {
			isa = XCConfigurationList;
			buildConfigurations = (
				72058120250335CD00ED54E1 /* Debug */,
				72058121250335CD00ED54E1 /* Release */,
			);
			defaultConfigurationIsVisible = 0;
			defaultConfigurationName = Release;
		};
/* End XCConfigurationList section */
	};
	rootObject = 720580E7250335CC00ED54E1 /* Project object */;
}
